# This file is automatically @generated by Poetry and should not be changed by hand.

[[package]]
name = "vermin"
version = "1.5.1"
description = "Concurrently detect the minimum Python versions needed to run code"
category = "dev"
optional = false
python-versions = ">=2.7"
files = [
    {file = "vermin-1.5.1-py2.py3-none-any.whl", hash = "sha256:420995de564ac0c31e2157220259d7ac82556e8fa69c112d8005b78c14b0caf5"},
]

[metadata]
lock-version = "2.0"
python-versions = "^3.9"
content-hash = "86951208eb59531b79b132873cfdc0ed0ab9922f03a96fd507f4b5e718c8cacc"
